// !$*UTF8*$!
{
	archiveVersion = 1;
	classes = {
	};
	objectVersion = 50;
	objects = {

/* Begin PBXBuildFile section */
		A563E340231A8605006B10F8 /* AppDelegate.swift in Sources */ = {isa = PBXBuildFile; fileRef = A563E33F231A8605006B10F8 /* AppDelegate.swift */; };
		A563E342231A8605006B10F8 /* ViewController.swift in Sources */ = {isa = PBXBuildFile; fileRef = A563E341231A8605006B10F8 /* ViewController.swift */; };
		A563E345231A8605006B10F8 /* Main.storyboard in Resources */ = {isa = PBXBuildFile; fileRef = A563E343231A8605006B10F8 /* Main.storyboard */; };
		A563E347231A8617006B10F8 /* Assets.xcassets in Resources */ = {isa = PBXBuildFile; fileRef = A563E346231A8617006B10F8 /* Assets.xcassets */; };
		A563E34A231A8617006B10F8 /* LaunchScreen.storyboard in Resources */ = {isa = PBXBuildFile; fileRef = A563E348231A8617006B10F8 /* LaunchScreen.storyboard */; };
		A563E352231A8A6D006B10F8 /* MJBadgeBarButton.swift in Sources */ = {isa = PBXBuildFile; fileRef = A563E351231A8A6C006B10F8 /* MJBadgeBarButton.swift */; };
/* End PBXBuildFile section */

/* Begin PBXFileReference section */
		A563E33C231A8605006B10F8 /* Demo_badgeCount.app */ = {isa = PBXFileReference; explicitFileType = wrapper.application; includeInIndex = 0; path = Demo_badgeCount.app; sourceTree = BUILT_PRODUCTS_DIR; };
		A563E33F231A8605006B10F8 /* AppDelegate.swift */ = {isa = PBXFileReference; lastKnownFileType = sourcecode.swift; path = AppDelegate.swift; sourceTree = "<group>"; };
		A563E341231A8605006B10F8 /* ViewController.swift */ = {isa = PBXFileReference; lastKnownFileType = sourcecode.swift; path = ViewController.swift; sourceTree = "<group>"; };
		A563E344231A8605006B10F8 /* Base */ = {isa = PBXFileReference; lastKnownFileType = file.storyboard; name = Base; path = Base.lproj/Main.storyboard; sourceTree = "<group>"; };
		A563E346231A8617006B10F8 /* Assets.xcassets */ = {isa = PBXFileReference; lastKnownFileType = folder.assetcatalog; path = Assets.xcassets; sourceTree = "<group>"; };
		A563E349231A8617006B10F8 /* Base */ = {isa = PBXFileReference; lastKnownFileType = file.storyboard; name = Base; path = Base.lproj/LaunchScreen.storyboard; sourceTree = "<group>"; };
		A563E34B231A8617006B10F8 /* Info.plist */ = {isa = PBXFileReference; lastKnownFileType = text.plist.xml; path = Info.plist; sourceTree = "<group>"; };
		A563E351231A8A6C006B10F8 /* MJBadgeBarButton.swift */ = {isa = PBXFileReference; fileEncoding = 4; lastKnownFileType = sourcecode.swift; path = MJBadgeBarButton.swift; sourceTree = "<group>"; };
/* End PBXFileReference section */

/* Begin PBXFrameworksBuildPhase section */
		A563E339231A8605006B10F8 /* Frameworks */ = {
			isa = PBXFrameworksBuildPhase;
			buildActionMask = 2147483647;
			files = (
			);
			runOnlyForDeploymentPostprocessing = 0;
		};
/* End PBXFrameworksBuildPhase section */

/* Begin PBXGroup section */
		A563E333231A8605006B10F8 = {
			isa = PBXGroup;
			children = (
				A563E33E231A8605006B10F8 /* Demo_badgeCount */,
				A563E33D231A8605006B10F8 /* Products */,
			);
			sourceTree = "<group>";
		};
		A563E33D231A8605006B10F8 /* Products */ = {
			isa = PBXGroup;
			children = (
				A563E33C231A8605006B10F8 /* Demo_badgeCount.app */,
			);
			name = Products;
			sourceTree = "<group>";
		};
		A563E33E231A8605006B10F8 /* Demo_badgeCount */ = {
			isa = PBXGroup;
			children = (
				A563E33F231A8605006B10F8 /* AppDelegate.swift */,
				A563E341231A8605006B10F8 /* ViewController.swift */,
				A563E351231A8A6C006B10F8 /* MJBadgeBarButton.swift */,
				A563E343231A8605006B10F8 /* Main.storyboard */,
				A563E346231A8617006B10F8 /* Assets.xcassets */,
				A563E348231A8617006B10F8 /* LaunchScreen.storyboard */,
				A563E34B231A8617006B10F8 /* Info.plist */,
			);
			path = Demo_badgeCount;
			sourceTree = "<group>";
		};
/* End PBXGroup section */

/* Begin PBXNativeTarget section */
		A563E33B231A8605006B10F8 /* Demo_badgeCount */ = {
			isa = PBXNativeTarget;
			buildConfigurationList = A563E34E231A8617006B10F8 /* Build configuration list for PBXNativeTarget "Demo_badgeCount" */;
			buildPhases = (
				A563E338231A8605006B10F8 /* Sources */,
				A563E339231A8605006B10F8 /* Frameworks */,
				A563E33A231A8605006B10F8 /* Resources */,
			);
			buildRules = (
			);
			dependencies = (
			);
			name = Demo_badgeCount;
			productName = Demo_badgeCount;
			productReference = A563E33C231A8605006B10F8 /* Demo_badgeCount.app */;
			productType = "com.apple.product-type.application";
		};
/* End PBXNativeTarget section */

/* Begin PBXProject section */
		A563E334231A8605006B10F8 /* Project object */ = {
			isa = PBXProject;
			attributes = {
				LastSwiftUpdateCheck = 1010;
				LastUpgradeCheck = 1010;
				ORGANIZATIONNAME = voliveSolutions;
				TargetAttributes = {
					A563E33B231A8605006B10F8 = {
						CreatedOnToolsVersion = 10.1;
					};
				};
			};
			buildConfigurationList = A563E337231A8605006B10F8 /* Build configuration list for PBXProject "Demo_badgeCount" */;
			compatibilityVersion = "Xcode 9.3";
			developmentRegion = en;
			hasScannedForEncodings = 0;
			knownRegions = (
				en,
				Base,
			);
			mainGroup = A563E333231A8605006B10F8;
			productRefGroup = A563E33D231A8605006B10F8 /* Products */;
			projectDirPath = "";
			projectRoot = "";
			targets = (
				A563E33B231A8605006B10F8 /* Demo_badgeCount */,
			);
		};
/* End PBXProject section */

/* Begin PBXResourcesBuildPhase section */
		A563E33A231A8605006B10F8 /* Resources */ = {
			isa = PBXResourcesBuildPhase;
			buildActionMask = 2147483647;
			files = (
				A563E34A231A8617006B10F8 /* LaunchScreen.storyboard in Resources */,
				A563E347231A8617006B10F8 /* Assets.xcassets in Resources */,
				A563E345231A8605006B10F8 /* Main.storyboard in Resources */,
			);
			runOnlyForDeploymentPostprocessing = 0;
		};
/* End PBXResourcesBuildPhase section */

/* Begin PBXSourcesBuildPhase section */
		A563E338231A8605006B10F8 /* Sources */ = {
			isa = PBXSourcesBuildPhase;
			buildActionMask = 2147483647;
			files = (
				A563E342231A8605006B10F8 /* ViewController.swift in Sources */,
				A563E340231A8605006B10F8 /* AppDelegate.swift in Sources */,
				A563E352231A8A6D006B10F8 /* MJBadgeBarButton.swift in Sources */,
			);
			runOnlyForDeploymentPostprocessing = 0;
		};
/* End PBXSourcesBuildPhase section */

/* Begin PBXVariantGroup section */
		A563E343231A8605006B10F8 /* Main.storyboard */ = {
			isa = PBXVariantGroup;
			children = (
				A563E344231A8605006B10F8 /* Base */,
			);
			name = Main.storyboard;
			sourceTree = "<group>";
		};
		A563E348231A8617006B10F8 /* LaunchScreen.storyboard */ = {
			isa = PBXVariantGroup;
			children = (
				A563E349231A8617006B10F8 /* Base */,
			);
			name = LaunchScreen.storyboard;
			sourceTree = "<group>";
		};
/* End PBXVariantGroup section */

/* Begin XCBuildConfiguration section */
		A563E34C231A8617006B10F8 /* Debug */ = {
			isa = XCBuildConfiguration;
			buildSettings = {
				ALWAYS_SEARCH_USER_PATHS = NO;
				CLANG_ANALYZER_NONNULL = YES;
				CLANG_ANALYZER_NUMBER_OBJECT_CONVERSION = YES_AGGRESSIVE;
				CLANG_CXX_LANGUAGE_STANDARD = "gnu++14";
				CLANG_CXX_LIBRARY = "libc++";
				CLANG_ENABLE_MODULES = YES;
				CLANG_ENABLE_OBJC_ARC = YES;
				CLANG_ENABLE_OBJC_WEAK = YES;
				CLANG_WARN_BLOCK_CAPTURE_AUTORELEASING = YES;
				CLANG_WARN_BOOL_CONVERSION = YES;
				CLANG_WARN_COMMA = YES;
				CLANG_WARN_CONSTANT_CONVERSION = YES;
				CLANG_WARN_DEPRECATED_OBJC_IMPLEMENTATIONS = YES;
				CLANG_WARN_DIRECT_OBJC_ISA_USAGE = YES_ERROR;
				CLANG_WARN_DOCUMENTATION_COMMENTS = YES;
				CLANG_WARN_EMPTY_BODY = YES;
				CLANG_WARN_ENUM_CONVERSION = YES;
				CLANG_WARN_INFINITE_RECURSION = YES;
				CLANG_WARN_INT_CONVERSION = YES;
				CLANG_WARN_NON_LITERAL_NULL_CONVERSION = YES;
				CLANG_WARN_OBJC_IMPLICIT_RETAIN_SELF = YES;
				CLANG_WARN_OBJC_LITERAL_CONVERSION = YES;
				CLANG_WARN_OBJC_ROOT_CLASS = YES_ERROR;
				CLANG_WARN_RANGE_LOOP_ANALYSIS = YES;
				CLANG_WARN_STRICT_PROTOTYPES = YES;
				CLANG_WARN_SUSPICIOUS_MOVE = YES;
				CLANG_WARN_UNGUARDED_AVAILABILITY = YES_AGGRESSIVE;
				CLANG_WARN_UNREACHABLE_CODE = YES;
				CLANG_WARN__DUPLICATE_METHOD_MATCH = YES;
				CODE_SIGN_IDENTITY = "iPhone Developer";
				COPY_PHASE_STRIP = NO;
				DEBUG_INFORMATION_FORMAT = dwarf;
				ENABLE_STRICT_OBJC_MSGSEND = YES;
				ENABLE_TESTABILITY = YES;
				GCC_C_LANGUAGE_STANDARD = gnu11;
				GCC_DYNAMIC_NO_PIC = NO;
				GCC_NO_COMMON_BLOCKS = YES;
				GCC_OPTIMIZATION_LEVEL = 0;
				GCC_PREPROCESSOR_DEFINITIONS = (
					"DEBUG=1",
					"$(inherited)",
				);
				GCC_WARN_64_TO_32_BIT_CONVERSION = YES;
				GCC_WARN_ABOUT_RETURN_TYPE = YES_ERROR;
				GCC_WARN_UNDECLARED_SELECTOR = YES;
				GCC_WARN_UNINITIALIZED_AUTOS = YES_AGGRESSIVE;
				GCC_WARN_UNUSED_FUNCTION = YES;
				GCC_WARN_UNUSED_VARIABLE = YES;
				IPHONEOS_DEPLOYMENT_TARGET = 12.1;
				MTL_ENABLE_DEBUG_INFO = INCLUDE_SOURCE;
				MTL_FAST_MATH = YES;
				ONLY_ACTIVE_ARCH = YES;
				SDKROOT = iphoneos;
				SWIFT_ACTIVE_COMPILATION_CONDITIONS = DEBUG;
				SWIFT_OPTIMIZATION_LEVEL = "-Onone";
			};
			name = Debug;
		};
		A563E34D231A8617006B10F8 /* Release */ = {
			isa = XCBuildConfiguration;
			buildSettings = {
				ALWAYS_SEARCH_USER_PATHS = NO;
				CLANG_ANALYZER_NONNULL = YES;
				CLANG_ANALYZER_NUMBER_OBJECT_CONVERSION = YES_AGGRESSIVE;
				CLANG_CXX_LANGUAGE_STANDARD = "gnu++14";
				CLANG_CXX_LIBRARY = "libc++";
				CLANG_ENABLE_MODULES = YES;
				CLANG_ENABLE_OBJC_ARC = YES;
				CLANG_ENABLE_OBJC_WEAK = YES;
				CLANG_WARN_BLOCK_CAPTURE_AUTORELEASING = YES;
				CLANG_WARN_BOOL_CONVERSION = YES;
				CLANG_WARN_COMMA = YES;
				CLANG_WARN_CONSTANT_CONVERSION = YES;
				CLANG_WARN_DEPRECATED_OBJC_IMPLEMENTATIONS = YES;
				CLANG_WARN_DIRECT_OBJC_ISA_USAGE = YES_ERROR;
				CLANG_WARN_DOCUMENTATION_COMMENTS = YES;
				CLANG_WARN_EMPTY_BODY = YES;
				CLANG_WARN_ENUM_CONVERSION = YES;
				CLANG_WARN_INFINITE_RECURSION = YES;
				CLANG_WARN_INT_CONVERSION = YES;
				CLANG_WARN_NON_LITERAL_NULL_CONVERSION = YES;
				CLANG_WARN_OBJC_IMPLICIT_RETAIN_SELF = YES;
				CLANG_WARN_OBJC_LITERAL_CONVERSION = YES;
				CLANG_WARN_OBJC_ROOT_CLASS = YES_ERROR;
				CLANG_WARN_RANGE_LOOP_ANALYSIS = YES;
				CLANG_WARN_STRICT_PROTOTYPES = YES;
				CLANG_WARN_SUSPICIOUS_MOVE = YES;
				CLANG_WARN_UNGUARDED_AVAILABILITY = YES_AGGRESSIVE;
				CLANG_WARN_UNREACHABLE_CODE = YES;
				CLANG_WARN__DUPLICATE_METHOD_MATCH = YES;
				CODE_SIGN_IDENTITY = "iPhone Developer";
				COPY_PHASE_STRIP = NO;
				DEBUG_INFORMATION_FORMAT = "dwarf-with-dsym";
				ENABLE_NS_ASSERTIONS = NO;
				ENABLE_STRICT_OBJC_MSGSEND = YES;
				GCC_C_LANGUAGE_STANDARD = gnu11;
				GCC_NO_COMMON_BLOCKS = YES;
				GCC_WARN_64_TO_32_BIT_CONVERSION = YES;
				GCC_WARN_ABOUT_RETURN_TYPE = YES_ERROR;
				GCC_WARN_UNDECLARED_SELECTOR = YES;
				GCC_WARN_UNINITIALIZED_AUTOS = YES_AGGRESSIVE;
				GCC_WARN_UNUSED_FUNCTION = YES;
				GCC_WARN_UNUSED_VARIABLE = YES;
				IPHONEOS_DEPLOYMENT_TARGET = 12.1;
				MTL_ENABLE_DEBUG_INFO = NO;
				MTL_FAST_MATH = YES;
				SDKROOT = iphoneos;
				SWIFT_COMPILATION_MODE = wholemodule;
				SWIFT_OPTIMIZATION_LEVEL = "-O";
				VALIDATE_PRODUCT = YES;
			};
			name = Release;
		};
		A563E34F231A8617006B10F8 /* Debug */ = {
			isa = XCBuildConfiguration;
			buildSettings = {
				ASSETCATALOG_COMPILER_APPICON_NAME = AppIcon;
				CODE_SIGN_STYLE = Automatic;
				INFOPLIST_FILE = Demo_badgeCount/Info.plist;
				IPHONEOS_DEPLOYMENT_TARGET = 9.1;
				LD_RUNPATH_SEARCH_PATHS = (
					"$(inherited)",
					"@executable_path/Frameworks",
				);
				PRODUCT_BUNDLE_IDENTIFIER = "voliveSolutions.Demo-badgeCount";
				PRODUCT_NAME = "$(TARGET_NAME)";
				SWIFT_VERSION = 4.2;
				TARGETED_DEVICE_FAMILY = 1;
			};
			name = Debug;
		};
		A563E350231A8617006B10F8 /* Release */ = {
			isa = XCBuildConfiguration;
			buildSettings = {
				ASSETCATALOG_COMPILER_APPICON_NAME = AppIcon;
				CODE_SIGN_STYLE = Automatic;
				INFOPLIST_FILE = Demo_badgeCount/Info.plist;
				IPHONEOS_DEPLOYMENT_TARGET = 9.1;
				LD_RUNPATH_SEARCH_PATHS = (
					"$(inherited)",
					"@executable_path/Frameworks",
				);
				PRODUCT_BUNDLE_IDENTIFIER = "voliveSolutions.Demo-badgeCount";
				PRODUCT_NAME = "$(TARGET_NAME)";
				SWIFT_VERSION = 4.2;
				TARGETED_DEVICE_FAMILY = 1;
			};
			name = Release;
		};
/* End XCBuildConfiguration section */

/* Begin XCConfigurationList section */
		A563E337231A8605006B10F8 /* Build configuration list for PBXProject "Demo_badgeCount" */ = {
			isa = XCConfigurationList;
			buildConfigurations = (
				A563E34C231A8617006B10F8 /* Debug */,
				A563E34D231A8617006B10F8 /* Release */,
			);
			defaultConfigurationIsVisible = 0;
			defaultConfigurationName = Release;
		};
		A563E34E231A8617006B10F8 /* Build configuration list for PBXNativeTarget "Demo_badgeCount" */ = {
			isa = XCConfigurationList;
			buildConfigurations = (
				A563E34F231A8617006B10F8 /* Debug */,
				A563E350231A8617006B10F8 /* Release */,
			);
			defaultConfigurationIsVisible = 0;
			defaultConfigurationName = Release;
		};
/* End XCConfigurationList section */
	};
	rootObject = A563E334231A8605006B10F8 /* Project object */;
}
